
Microsoft Visual Studio Solution File, Format Version 11.00
# Visual Studio 2010
Project("{FAE04EC0-301F-11D3-BF4B-00C04F79EFBC}") = "Assembly-CSharp", "Assembly-CSharp.csproj", "{9b12ac3d-7c6d-661b-c121-39e083bd1f5f}"
EndProject
Project("{FAE04EC0-301F-11D3-BF4B-00C04F79EFBC}") = "Assembly-CSharp-Editor", "Assembly-CSharp-Editor.csproj", "{9f7670b8-98dc-d5a3-f49e-fdfe7d2c04ff}"
EndProject
Global
	GlobalSection(SolutionConfigurationPlatforms) = preSolution
		Debug|Any CPU = Debug|Any CPU
	EndGlobalSection
	GlobalSection(ProjectConfigurationPlatforms) = postSolution
		{9b12ac3d-7c6d-661b-c121-39e083bd1f5f}.Debug|Any CPU.ActiveCfg = Debug|Any CPU
		{9b12ac3d-7c6d-661b-c121-39e083bd1f5f}.Debug|Any CPU.Build.0 = Debug|Any CPU
		{9f7670b8-98dc-d5a3-f49e-fdfe7d2c04ff}.Debug|Any CPU.ActiveCfg = Debug|Any CPU
		{9f7670b8-98dc-d5a3-f49e-fdfe7d2c04ff}.Debug|Any CPU.Build.0 = Debug|Any CPU
	EndGlobalSection
	GlobalSection(SolutionProperties) = preSolution
		HideSolutionNode = FALSE
	EndGlobalSection
EndGlobal
